# This file is autogenerated, do not edit; changes may be undone by the next 'dep ensure'.


[[projects]]
  branch = "master"
  name = "github.com/elojah/services"
  packages = ["."]
  revision = "d9930d97b9f832fd753fd538ee6d68db5b501b51"

[solve-meta]
  analyzer-name = "dep"
  analyzer-version = 1
  inputs-digest = "c96f0a216178d6655707faa094d1a6f9784d91361e85a34a8b78abc900cd398f"
  solver-name = "gps-cdcl"
  solver-version = 1
